
Microsoft Visual Studio Solution File, Format Version 12.00
# Visual Studio Version 16
VisualStudioVersion = 16.0.31624.102
MinimumVisualStudioVersion = 10.0.40219.1
Project("{FAE04EC0-301F-11D3-BF4B-00C04F79EFBC}") = "MvcProje", "MvcProje\MvcProje.csproj", "{C5FF89A2-8514-4E50-A7EF-F685F9FF2967}"
EndProject
Global
	GlobalSection(SolutionConfigurationPlatforms) = preSolution
		Debug|Any CPU = Debug|Any CPU
		Release|Any CPU = Release|Any CPU
	EndGlobalSection
	GlobalSection(ProjectConfigurationPlatforms) = postSolution
		{C5FF89A2-8514-4E50-A7EF-F685F9FF2967}.Debug|Any CPU.ActiveCfg = Debug|Any CPU
		{C5FF89A2-8514-4E50-A7EF-F685F9FF2967}.Debug|Any CPU.Build.0 = Debug|Any CPU
		{C5FF89A2-8514-4E50-A7EF-F685F9FF2967}.Release|Any CPU.ActiveCfg = Release|Any CPU
		{C5FF89A2-8514-4E50-A7EF-F685F9FF2967}.Release|Any CPU.Build.0 = Release|Any CPU
	EndGlobalSection
	GlobalSection(SolutionProperties) = preSolution
		HideSolutionNode = FALSE
	EndGlobalSection
	GlobalSection(ExtensibilityGlobals) = postSolution
		SolutionGuid = {72076826-F2FC-4F3D-88A9-8F4A006CF1E6}
	EndGlobalSection
EndGlobal
